
Microsoft Visual Studio Solution File, Format Version 12.00
# Visual Studio Version 17
VisualStudioVersion = 17.4.33122.133
MinimumVisualStudioVersion = 10.0.40219.1
Project("{9A19103F-16F7-4668-BE54-9A1E7A4F7556}") = "Usuarios", "Usuarios\Usuarios.csproj", "{D7D9F4DF-D726-403E-8F24-C75418F47A68}"
EndProject
Project("{FAE04EC0-301F-11D3-BF4B-00C04F79EFBC}") = "UsuarioC", "UsuarioC\UsuarioC.csproj", "{D8E82840-DD54-4A3C-8718-634965F8E23E}"
EndProject
Global
	GlobalSection(SolutionConfigurationPlatforms) = preSolution
		Debug|Any CPU = Debug|Any CPU
		Release|Any CPU = Release|Any CPU
	EndGlobalSection
	GlobalSection(ProjectConfigurationPlatforms) = postSolution
		{D7D9F4DF-D726-403E-8F24-C75418F47A68}.Debug|Any CPU.ActiveCfg = Debug|Any CPU
		{D7D9F4DF-D726-403E-8F24-C75418F47A68}.Debug|Any CPU.Build.0 = Debug|Any CPU
		{D7D9F4DF-D726-403E-8F24-C75418F47A68}.Release|Any CPU.ActiveCfg = Release|Any CPU
		{D7D9F4DF-D726-403E-8F24-C75418F47A68}.Release|Any CPU.Build.0 = Release|Any CPU
		{D8E82840-DD54-4A3C-8718-634965F8E23E}.Debug|Any CPU.ActiveCfg = Debug|Any CPU
		{D8E82840-DD54-4A3C-8718-634965F8E23E}.Debug|Any CPU.Build.0 = Debug|Any CPU
		{D8E82840-DD54-4A3C-8718-634965F8E23E}.Release|Any CPU.ActiveCfg = Release|Any CPU
		{D8E82840-DD54-4A3C-8718-634965F8E23E}.Release|Any CPU.Build.0 = Release|Any CPU
	EndGlobalSection
	GlobalSection(SolutionProperties) = preSolution
		HideSolutionNode = FALSE
	EndGlobalSection
	GlobalSection(ExtensibilityGlobals) = postSolution
		SolutionGuid = {6B86592F-65F7-44E7-9D47-BB31ED80BED9}
	EndGlobalSection
EndGlobal
